// !$*UTF8*$!
{
	archiveVersion = 1;
	classes = {
	};
	objectVersion = 50;
	objects = {

/* Begin PBXBuildFile section */
		23CA608221B0FB9700EA7E5B /* AppDelegate.swift in Sources */ = {isa = PBXBuildFile; fileRef = 23CA608121B0FB9700EA7E5B /* AppDelegate.swift */; };
		23CA608421B0FB9700EA7E5B /* ViewController.swift in Sources */ = {isa = PBXBuildFile; fileRef = 23CA608321B0FB9700EA7E5B /* ViewController.swift */; };
		23CA608721B0FB9700EA7E5B /* Main.storyboard in Resources */ = {isa = PBXBuildFile; fileRef = 23CA608521B0FB9700EA7E5B /* Main.storyboard */; };
		23CA608C21B0FB9900EA7E5B /* LaunchScreen.storyboard in Resources */ = {isa = PBXBuildFile; fileRef = 23CA608A21B0FB9900EA7E5B /* LaunchScreen.storyboard */; };
		23CA60BA21B0FC0C00EA7E5B /* calendar_dates.json in Resources */ = {isa = PBXBuildFile; fileRef = 23CA609421B0FC0C00EA7E5B /* calendar_dates.json */; };
		23CA60BB21B0FC0C00EA7E5B /* SheetDatePickerView.swift in Sources */ = {isa = PBXBuildFile; fileRef = 23CA609621B0FC0C00EA7E5B /* SheetDatePickerView.swift */; };
		23CA60BC21B0FC0C00EA7E5B /* SheetPickerCalendarMonthView.swift in Sources */ = {isa = PBXBuildFile; fileRef = 23CA609721B0FC0C00EA7E5B /* SheetPickerCalendarMonthView.swift */; };
		23CA60BD21B0FC0C00EA7E5B /* SheetDatePickerDayCell.swift in Sources */ = {isa = PBXBuildFile; fileRef = 23CA609821B0FC0C00EA7E5B /* SheetDatePickerDayCell.swift */; };
		23CA60BE21B0FC0C00EA7E5B /* PriceDate.swift in Sources */ = {isa = PBXBuildFile; fileRef = 23CA609921B0FC0C00EA7E5B /* PriceDate.swift */; };
		23CA60BF21B0FC0C00EA7E5B /* ShowMonthHeaderView.swift in Sources */ = {isa = PBXBuildFile; fileRef = 23CA609B21B0FC0C00EA7E5B /* ShowMonthHeaderView.swift */; };
		23CA60C021B0FC0C00EA7E5B /* ShowView.swift in Sources */ = {isa = PBXBuildFile; fileRef = 23CA609C21B0FC0C00EA7E5B /* ShowView.swift */; };
		23CA60C121B0FC0C00EA7E5B /* ShowDayCell.swift in Sources */ = {isa = PBXBuildFile; fileRef = 23CA609D21B0FC0C00EA7E5B /* ShowDayCell.swift */; };
		23CA60C221B0FC0C00EA7E5B /* ShowMonthFooterView.swift in Sources */ = {isa = PBXBuildFile; fileRef = 23CA609E21B0FC0C00EA7E5B /* ShowMonthFooterView.swift */; };
		23CA60C321B0FC0C00EA7E5B /* Assets.xcassets in Resources */ = {isa = PBXBuildFile; fileRef = 23CA609F21B0FC0C00EA7E5B /* Assets.xcassets */; };
		23CA60C421B0FC0C00EA7E5B /* RangeComplexMonthHeaderView.swift in Sources */ = {isa = PBXBuildFile; fileRef = 23CA60A221B0FC0C00EA7E5B /* RangeComplexMonthHeaderView.swift */; };
		23CA60C521B0FC0C00EA7E5B /* RangeComplexCell.swift in Sources */ = {isa = PBXBuildFile; fileRef = 23CA60A321B0FC0C00EA7E5B /* RangeComplexCell.swift */; };
		23CA60C621B0FC0C00EA7E5B /* RangeComplexViewController.swift in Sources */ = {isa = PBXBuildFile; fileRef = 23CA60A421B0FC0C00EA7E5B /* RangeComplexViewController.swift */; };
		23CA60C721B0FC0C00EA7E5B /* RangeSimpleCell.swift in Sources */ = {isa = PBXBuildFile; fileRef = 23CA60A621B0FC0C00EA7E5B /* RangeSimpleCell.swift */; };
		23CA60C821B0FC0C00EA7E5B /* RangeSimpleMonthHeaderView.swift in Sources */ = {isa = PBXBuildFile; fileRef = 23CA60A721B0FC0C00EA7E5B /* RangeSimpleMonthHeaderView.swift */; };
		23CA60C921B0FC0C00EA7E5B /* RangeSimpleViewController.swift in Sources */ = {isa = PBXBuildFile; fileRef = 23CA60A821B0FC0C00EA7E5B /* RangeSimpleViewController.swift */; };
		23CA60CA21B0FC0C00EA7E5B /* SingleSelectionMonthFooterView.swift in Sources */ = {isa = PBXBuildFile; fileRef = 23CA60AA21B0FC0C00EA7E5B /* SingleSelectionMonthFooterView.swift */; };
		23CA60CB21B0FC0C00EA7E5B /* SingleSelectionMonthHeaderView.swift in Sources */ = {isa = PBXBuildFile; fileRef = 23CA60AB21B0FC0C00EA7E5B /* SingleSelectionMonthHeaderView.swift */; };
		23CA60CC21B0FC0C00EA7E5B /* SingleSelectionDayCell.swift in Sources */ = {isa = PBXBuildFile; fileRef = 23CA60AC21B0FC0C00EA7E5B /* SingleSelectionDayCell.swift */; };
		23CA60CD21B0FC0C00EA7E5B /* SingleSelectionViewController.swift in Sources */ = {isa = PBXBuildFile; fileRef = 23CA60AD21B0FC0C00EA7E5B /* SingleSelectionViewController.swift */; };
		23CA60CE21B0FC0C00EA7E5B /* Date+Count.swift in Sources */ = {isa = PBXBuildFile; fileRef = 23CA60B021B0FC0C00EA7E5B /* Date+Count.swift */; };
		23CA60CF21B0FC0C00EA7E5B /* Date+Basic.swift in Sources */ = {isa = PBXBuildFile; fileRef = 23CA60B121B0FC0C00EA7E5B /* Date+Basic.swift */; };
		23CA60D021B0FC0C00EA7E5B /* Date+Compare.swift in Sources */ = {isa = PBXBuildFile; fileRef = 23CA60B221B0FC0C00EA7E5B /* Date+Compare.swift */; };
		23CA60D121B0FC0C00EA7E5B /* Date+IndexPath.swift in Sources */ = {isa = PBXBuildFile; fileRef = 23CA60B321B0FC0C00EA7E5B /* Date+IndexPath.swift */; };
		23CA60D221B0FC0C00EA7E5B /* MonthView.swift in Sources */ = {isa = PBXBuildFile; fileRef = 23CA60B521B0FC0C00EA7E5B /* MonthView.swift */; };
		23CA60D321B0FC0D00EA7E5B /* CalendarViewController.swift in Sources */ = {isa = PBXBuildFile; fileRef = 23CA60B621B0FC0C00EA7E5B /* CalendarViewController.swift */; };
		23CA60D421B0FC0D00EA7E5B /* DayCell.swift in Sources */ = {isa = PBXBuildFile; fileRef = 23CA60B721B0FC0C00EA7E5B /* DayCell.swift */; };
		23CA60D521B0FC0D00EA7E5B /* WeekView.swift in Sources */ = {isa = PBXBuildFile; fileRef = 23CA60B821B0FC0C00EA7E5B /* WeekView.swift */; };
		23CA60D621B0FC0D00EA7E5B /* CalendarView.swift in Sources */ = {isa = PBXBuildFile; fileRef = 23CA60B921B0FC0C00EA7E5B /* CalendarView.swift */; };
/* End PBXBuildFile section */

/* Begin PBXFileReference section */
		23CA607E21B0FB9700EA7E5B /* Calendar.app */ = {isa = PBXFileReference; explicitFileType = wrapper.application; includeInIndex = 0; path = Calendar.app; sourceTree = BUILT_PRODUCTS_DIR; };
		23CA608121B0FB9700EA7E5B /* AppDelegate.swift */ = {isa = PBXFileReference; lastKnownFileType = sourcecode.swift; path = AppDelegate.swift; sourceTree = "<group>"; };
		23CA608321B0FB9700EA7E5B /* ViewController.swift */ = {isa = PBXFileReference; lastKnownFileType = sourcecode.swift; path = ViewController.swift; sourceTree = "<group>"; };
		23CA608621B0FB9700EA7E5B /* Base */ = {isa = PBXFileReference; lastKnownFileType = file.storyboard; name = Base; path = Base.lproj/Main.storyboard; sourceTree = "<group>"; };
		23CA608B21B0FB9900EA7E5B /* Base */ = {isa = PBXFileReference; lastKnownFileType = file.storyboard; name = Base; path = Base.lproj/LaunchScreen.storyboard; sourceTree = "<group>"; };
		23CA608D21B0FB9900EA7E5B /* Info.plist */ = {isa = PBXFileReference; lastKnownFileType = text.plist.xml; path = Info.plist; sourceTree = "<group>"; };
		23CA609421B0FC0C00EA7E5B /* calendar_dates.json */ = {isa = PBXFileReference; fileEncoding = 4; lastKnownFileType = text.json; path = calendar_dates.json; sourceTree = "<group>"; };
		23CA609621B0FC0C00EA7E5B /* SheetDatePickerView.swift */ = {isa = PBXFileReference; fileEncoding = 4; lastKnownFileType = sourcecode.swift; path = SheetDatePickerView.swift; sourceTree = "<group>"; };
		23CA609721B0FC0C00EA7E5B /* SheetPickerCalendarMonthView.swift */ = {isa = PBXFileReference; fileEncoding = 4; lastKnownFileType = sourcecode.swift; path = SheetPickerCalendarMonthView.swift; sourceTree = "<group>"; };
		23CA609821B0FC0C00EA7E5B /* SheetDatePickerDayCell.swift */ = {isa = PBXFileReference; fileEncoding = 4; lastKnownFileType = sourcecode.swift; path = SheetDatePickerDayCell.swift; sourceTree = "<group>"; };
		23CA609921B0FC0C00EA7E5B /* PriceDate.swift */ = {isa = PBXFileReference; fileEncoding = 4; lastKnownFileType = sourcecode.swift; path = PriceDate.swift; sourceTree = "<group>"; };
		23CA609B21B0FC0C00EA7E5B /* ShowMonthHeaderView.swift */ = {isa = PBXFileReference; fileEncoding = 4; lastKnownFileType = sourcecode.swift; path = ShowMonthHeaderView.swift; sourceTree = "<group>"; };
		23CA609C21B0FC0C00EA7E5B /* ShowView.swift */ = {isa = PBXFileReference; fileEncoding = 4; lastKnownFileType = sourcecode.swift; path = ShowView.swift; sourceTree = "<group>"; };
		23CA609D21B0FC0C00EA7E5B /* ShowDayCell.swift */ = {isa = PBXFileReference; fileEncoding = 4; lastKnownFileType = sourcecode.swift; path = ShowDayCell.swift; sourceTree = "<group>"; };
		23CA609E21B0FC0C00EA7E5B /* ShowMonthFooterView.swift */ = {isa = PBXFileReference; fileEncoding = 4; lastKnownFileType = sourcecode.swift; path = ShowMonthFooterView.swift; sourceTree = "<group>"; };
		23CA609F21B0FC0C00EA7E5B /* Assets.xcassets */ = {isa = PBXFileReference; lastKnownFileType = folder.assetcatalog; path = Assets.xcassets; sourceTree = "<group>"; };
		23CA60A221B0FC0C00EA7E5B /* RangeComplexMonthHeaderView.swift */ = {isa = PBXFileReference; fileEncoding = 4; lastKnownFileType = sourcecode.swift; path = RangeComplexMonthHeaderView.swift; sourceTree = "<group>"; };
		23CA60A321B0FC0C00EA7E5B /* RangeComplexCell.swift */ = {isa = PBXFileReference; fileEncoding = 4; lastKnownFileType = sourcecode.swift; path = RangeComplexCell.swift; sourceTree = "<group>"; };
		23CA60A421B0FC0C00EA7E5B /* RangeComplexViewController.swift */ = {isa = PBXFileReference; fileEncoding = 4; lastKnownFileType = sourcecode.swift; path = RangeComplexViewController.swift; sourceTree = "<group>"; };
		23CA60A621B0FC0C00EA7E5B /* RangeSimpleCell.swift */ = {isa = PBXFileReference; fileEncoding = 4; lastKnownFileType = sourcecode.swift; path = RangeSimpleCell.swift; sourceTree = "<group>"; };
		23CA60A721B0FC0C00EA7E5B /* RangeSimpleMonthHeaderView.swift */ = {isa = PBXFileReference; fileEncoding = 4; lastKnownFileType = sourcecode.swift; path = RangeSimpleMonthHeaderView.swift; sourceTree = "<group>"; };
		23CA60A821B0FC0C00EA7E5B /* RangeSimpleViewController.swift */ = {isa = PBXFileReference; fileEncoding = 4; lastKnownFileType = sourcecode.swift; path = RangeSimpleViewController.swift; sourceTree = "<group>"; };
		23CA60AA21B0FC0C00EA7E5B /* SingleSelectionMonthFooterView.swift */ = {isa = PBXFileReference; fileEncoding = 4; lastKnownFileType = sourcecode.swift; path = SingleSelectionMonthFooterView.swift; sourceTree = "<group>"; };
		23CA60AB21B0FC0C00EA7E5B /* SingleSelectionMonthHeaderView.swift */ = {isa = PBXFileReference; fileEncoding = 4; lastKnownFileType = sourcecode.swift; path = SingleSelectionMonthHeaderView.swift; sourceTree = "<group>"; };
		23CA60AC21B0FC0C00EA7E5B /* SingleSelectionDayCell.swift */ = {isa = PBXFileReference; fileEncoding = 4; lastKnownFileType = sourcecode.swift; path = SingleSelectionDayCell.swift; sourceTree = "<group>"; };
		23CA60AD21B0FC0C00EA7E5B /* SingleSelectionViewController.swift */ = {isa = PBXFileReference; fileEncoding = 4; lastKnownFileType = sourcecode.swift; path = SingleSelectionViewController.swift; sourceTree = "<group>"; };
		23CA60B021B0FC0C00EA7E5B /* Date+Count.swift */ = {isa = PBXFileReference; fileEncoding = 4; lastKnownFileType = sourcecode.swift; path = "Date+Count.swift"; sourceTree = "<group>"; };
		23CA60B121B0FC0C00EA7E5B /* Date+Basic.swift */ = {isa = PBXFileReference; fileEncoding = 4; lastKnownFileType = sourcecode.swift; path = "Date+Basic.swift"; sourceTree = "<group>"; };
		23CA60B221B0FC0C00EA7E5B /* Date+Compare.swift */ = {isa = PBXFileReference; fileEncoding = 4; lastKnownFileType = sourcecode.swift; path = "Date+Compare.swift"; sourceTree = "<group>"; };
		23CA60B321B0FC0C00EA7E5B /* Date+IndexPath.swift */ = {isa = PBXFileReference; fileEncoding = 4; lastKnownFileType = sourcecode.swift; path = "Date+IndexPath.swift"; sourceTree = "<group>"; };
		23CA60B421B0FC0C00EA7E5B /* Calendar.h */ = {isa = PBXFileReference; fileEncoding = 4; lastKnownFileType = sourcecode.c.h; path = Calendar.h; sourceTree = "<group>"; };
		23CA60B521B0FC0C00EA7E5B /* MonthView.swift */ = {isa = PBXFileReference; fileEncoding = 4; lastKnownFileType = sourcecode.swift; path = MonthView.swift; sourceTree = "<group>"; };
		23CA60B621B0FC0C00EA7E5B /* CalendarViewController.swift */ = {isa = PBXFileReference; fileEncoding = 4; lastKnownFileType = sourcecode.swift; path = CalendarViewController.swift; sourceTree = "<group>"; };
		23CA60B721B0FC0C00EA7E5B /* DayCell.swift */ = {isa = PBXFileReference; fileEncoding = 4; lastKnownFileType = sourcecode.swift; path = DayCell.swift; sourceTree = "<group>"; };
		23CA60B821B0FC0C00EA7E5B /* WeekView.swift */ = {isa = PBXFileReference; fileEncoding = 4; lastKnownFileType = sourcecode.swift; path = WeekView.swift; sourceTree = "<group>"; };
		23CA60B921B0FC0C00EA7E5B /* CalendarView.swift */ = {isa = PBXFileReference; fileEncoding = 4; lastKnownFileType = sourcecode.swift; path = CalendarView.swift; sourceTree = "<group>"; };
/* End PBXFileReference section */

/* Begin PBXFrameworksBuildPhase section */
		23CA607B21B0FB9700EA7E5B /* Frameworks */ = {
			isa = PBXFrameworksBuildPhase;
			buildActionMask = 2147483647;
			files = (
			);
			runOnlyForDeploymentPostprocessing = 0;
		};
/* End PBXFrameworksBuildPhase section */

/* Begin PBXGroup section */
		23CA607521B0FB9700EA7E5B = {
			isa = PBXGroup;
			children = (
				23CA608021B0FB9700EA7E5B /* Calendar */,
				23CA607F21B0FB9700EA7E5B /* Products */,
			);
			sourceTree = "<group>";
		};
		23CA607F21B0FB9700EA7E5B /* Products */ = {
			isa = PBXGroup;
			children = (
				23CA607E21B0FB9700EA7E5B /* Calendar.app */,
			);
			name = Products;
			sourceTree = "<group>";
		};
		23CA608021B0FB9700EA7E5B /* Calendar */ = {
			isa = PBXGroup;
			children = (
				23CA609321B0FC0C00EA7E5B /* Demo */,
				23CA60AE21B0FC0C00EA7E5B /* Sources */,
				23CA608121B0FB9700EA7E5B /* AppDelegate.swift */,
				23CA608321B0FB9700EA7E5B /* ViewController.swift */,
				23CA608521B0FB9700EA7E5B /* Main.storyboard */,
				23CA608A21B0FB9900EA7E5B /* LaunchScreen.storyboard */,
				23CA608D21B0FB9900EA7E5B /* Info.plist */,
			);
			path = Calendar;
			sourceTree = "<group>";
		};
		23CA609321B0FC0C00EA7E5B /* Demo */ = {
			isa = PBXGroup;
			children = (
				23CA609421B0FC0C00EA7E5B /* calendar_dates.json */,
				23CA609521B0FC0C00EA7E5B /* SheetPicker */,
				23CA609921B0FC0C00EA7E5B /* PriceDate.swift */,
				23CA609A21B0FC0C00EA7E5B /* Show */,
				23CA609F21B0FC0C00EA7E5B /* Assets.xcassets */,
				23CA60A021B0FC0C00EA7E5B /* RangeSelection */,
				23CA60A921B0FC0C00EA7E5B /* SingleSelection */,
			);
			path = Demo;
			sourceTree = "<group>";
		};
		23CA609521B0FC0C00EA7E5B /* SheetPicker */ = {
			isa = PBXGroup;
			children = (
				23CA609621B0FC0C00EA7E5B /* SheetDatePickerView.swift */,
				23CA609721B0FC0C00EA7E5B /* SheetPickerCalendarMonthView.swift */,
				23CA609821B0FC0C00EA7E5B /* SheetDatePickerDayCell.swift */,
			);
			path = SheetPicker;
			sourceTree = "<group>";
		};
		23CA609A21B0FC0C00EA7E5B /* Show */ = {
			isa = PBXGroup;
			children = (
				23CA609B21B0FC0C00EA7E5B /* ShowMonthHeaderView.swift */,
				23CA609C21B0FC0C00EA7E5B /* ShowView.swift */,
				23CA609D21B0FC0C00EA7E5B /* ShowDayCell.swift */,
				23CA609E21B0FC0C00EA7E5B /* ShowMonthFooterView.swift */,
			);
			path = Show;
			sourceTree = "<group>";
		};
		23CA60A021B0FC0C00EA7E5B /* RangeSelection */ = {
			isa = PBXGroup;
			children = (
				23CA60A121B0FC0C00EA7E5B /* complex */,
				23CA60A521B0FC0C00EA7E5B /* simple */,
			);
			path = RangeSelection;
			sourceTree = "<group>";
		};
		23CA60A121B0FC0C00EA7E5B /* complex */ = {
			isa = PBXGroup;
			children = (
				23CA60A221B0FC0C00EA7E5B /* RangeComplexMonthHeaderView.swift */,
				23CA60A321B0FC0C00EA7E5B /* RangeComplexCell.swift */,
				23CA60A421B0FC0C00EA7E5B /* RangeComplexViewController.swift */,
			);
			path = complex;
			sourceTree = "<group>";
		};
		23CA60A521B0FC0C00EA7E5B /* simple */ = {
			isa = PBXGroup;
			children = (
				23CA60A621B0FC0C00EA7E5B /* RangeSimpleCell.swift */,
				23CA60A721B0FC0C00EA7E5B /* RangeSimpleMonthHeaderView.swift */,
				23CA60A821B0FC0C00EA7E5B /* RangeSimpleViewController.swift */,
			);
			path = simple;
			sourceTree = "<group>";
		};
		23CA60A921B0FC0C00EA7E5B /* SingleSelection */ = {
			isa = PBXGroup;
			children = (
				23CA60AA21B0FC0C00EA7E5B /* SingleSelectionMonthFooterView.swift */,
				23CA60AB21B0FC0C00EA7E5B /* SingleSelectionMonthHeaderView.swift */,
				23CA60AC21B0FC0C00EA7E5B /* SingleSelectionDayCell.swift */,
				23CA60AD21B0FC0C00EA7E5B /* SingleSelectionViewController.swift */,
			);
			path = SingleSelection;
			sourceTree = "<group>";
		};
		23CA60AE21B0FC0C00EA7E5B /* Sources */ = {
			isa = PBXGroup;
			children = (
				23CA60AF21B0FC0C00EA7E5B /* Date */,
				23CA60B421B0FC0C00EA7E5B /* Calendar.h */,
				23CA60B521B0FC0C00EA7E5B /* MonthView.swift */,
				23CA60B621B0FC0C00EA7E5B /* CalendarViewController.swift */,
				23CA60B721B0FC0C00EA7E5B /* DayCell.swift */,
				23CA60B821B0FC0C00EA7E5B /* WeekView.swift */,
				23CA60B921B0FC0C00EA7E5B /* CalendarView.swift */,
			);
			path = Sources;
			sourceTree = "<group>";
		};
		23CA60AF21B0FC0C00EA7E5B /* Date */ = {
			isa = PBXGroup;
			children = (
				23CA60B021B0FC0C00EA7E5B /* Date+Count.swift */,
				23CA60B121B0FC0C00EA7E5B /* Date+Basic.swift */,
				23CA60B221B0FC0C00EA7E5B /* Date+Compare.swift */,
				23CA60B321B0FC0C00EA7E5B /* Date+IndexPath.swift */,
			);
			path = Date;
			sourceTree = "<group>";
		};
/* End PBXGroup section */

/* Begin PBXNativeTarget section */
		23CA607D21B0FB9700EA7E5B /* Calendar */ = {
			isa = PBXNativeTarget;
			buildConfigurationList = 23CA609021B0FB9900EA7E5B /* Build configuration list for PBXNativeTarget "Calendar" */;
			buildPhases = (
				23CA607A21B0FB9700EA7E5B /* Sources */,
				23CA607B21B0FB9700EA7E5B /* Frameworks */,
				23CA607C21B0FB9700EA7E5B /* Resources */,
			);
			buildRules = (
			);
			dependencies = (
			);
			name = Calendar;
			productName = Calendar;
			productReference = 23CA607E21B0FB9700EA7E5B /* Calendar.app */;
			productType = "com.apple.product-type.application";
		};
/* End PBXNativeTarget section */

/* Begin PBXProject section */
		23CA607621B0FB9700EA7E5B /* Project object */ = {
			isa = PBXProject;
			attributes = {
				LastSwiftUpdateCheck = 1010;
				LastUpgradeCheck = 1010;
				ORGANIZATIONNAME = GUMP;
				TargetAttributes = {
					23CA607D21B0FB9700EA7E5B = {
						CreatedOnToolsVersion = 10.1;
					};
				};
			};
			buildConfigurationList = 23CA607921B0FB9700EA7E5B /* Build configuration list for PBXProject "Calendar" */;
			compatibilityVersion = "Xcode 9.3";
			developmentRegion = en;
			hasScannedForEncodings = 0;
			knownRegions = (
				en,
				Base,
			);
			mainGroup = 23CA607521B0FB9700EA7E5B;
			productRefGroup = 23CA607F21B0FB9700EA7E5B /* Products */;
			projectDirPath = "";
			projectRoot = "";
			targets = (
				23CA607D21B0FB9700EA7E5B /* Calendar */,
			);
		};
/* End PBXProject section */

/* Begin PBXResourcesBuildPhase section */
		23CA607C21B0FB9700EA7E5B /* Resources */ = {
			isa = PBXResourcesBuildPhase;
			buildActionMask = 2147483647;
			files = (
				23CA608C21B0FB9900EA7E5B /* LaunchScreen.storyboard in Resources */,
				23CA60BA21B0FC0C00EA7E5B /* calendar_dates.json in Resources */,
				23CA608721B0FB9700EA7E5B /* Main.storyboard in Resources */,
				23CA60C321B0FC0C00EA7E5B /* Assets.xcassets in Resources */,
			);
			runOnlyForDeploymentPostprocessing = 0;
		};
/* End PBXResourcesBuildPhase section */

/* Begin PBXSourcesBuildPhase section */
		23CA607A21B0FB9700EA7E5B /* Sources */ = {
			isa = PBXSourcesBuildPhase;
			buildActionMask = 2147483647;
			files = (
				23CA60C921B0FC0C00EA7E5B /* RangeSimpleViewController.swift in Sources */,
				23CA608421B0FB9700EA7E5B /* ViewController.swift in Sources */,
				23CA60CC21B0FC0C00EA7E5B /* SingleSelectionDayCell.swift in Sources */,
				23CA60C821B0FC0C00EA7E5B /* RangeSimpleMonthHeaderView.swift in Sources */,
				23CA60C221B0FC0C00EA7E5B /* ShowMonthFooterView.swift in Sources */,
				23CA60C521B0FC0C00EA7E5B /* RangeComplexCell.swift in Sources */,
				23CA60D221B0FC0C00EA7E5B /* MonthView.swift in Sources */,
				23CA60D621B0FC0D00EA7E5B /* CalendarView.swift in Sources */,
				23CA60BB21B0FC0C00EA7E5B /* SheetDatePickerView.swift in Sources */,
				23CA60D321B0FC0D00EA7E5B /* CalendarViewController.swift in Sources */,
				23CA608221B0FB9700EA7E5B /* AppDelegate.swift in Sources */,
				23CA60C721B0FC0C00EA7E5B /* RangeSimpleCell.swift in Sources */,
				23CA60CD21B0FC0C00EA7E5B /* SingleSelectionViewController.swift in Sources */,
				23CA60D021B0FC0C00EA7E5B /* Date+Compare.swift in Sources */,
				23CA60CF21B0FC0C00EA7E5B /* Date+Basic.swift in Sources */,
				23CA60CA21B0FC0C00EA7E5B /* SingleSelectionMonthFooterView.swift in Sources */,
				23CA60D121B0FC0C00EA7E5B /* Date+IndexPath.swift in Sources */,
				23CA60C121B0FC0C00EA7E5B /* ShowDayCell.swift in Sources */,
				23CA60C621B0FC0C00EA7E5B /* RangeComplexViewController.swift in Sources */,
				23CA60C421B0FC0C00EA7E5B /* RangeComplexMonthHeaderView.swift in Sources */,
				23CA60D421B0FC0D00EA7E5B /* DayCell.swift in Sources */,
				23CA60BC21B0FC0C00EA7E5B /* SheetPickerCalendarMonthView.swift in Sources */,
				23CA60CB21B0FC0C00EA7E5B /* SingleSelectionMonthHeaderView.swift in Sources */,
				23CA60BF21B0FC0C00EA7E5B /* ShowMonthHeaderView.swift in Sources */,
				23CA60C021B0FC0C00EA7E5B /* ShowView.swift in Sources */,
				23CA60D521B0FC0D00EA7E5B /* WeekView.swift in Sources */,
				23CA60BD21B0FC0C00EA7E5B /* SheetDatePickerDayCell.swift in Sources */,
				23CA60BE21B0FC0C00EA7E5B /* PriceDate.swift in Sources */,
				23CA60CE21B0FC0C00EA7E5B /* Date+Count.swift in Sources */,
			);
			runOnlyForDeploymentPostprocessing = 0;
		};
/* End PBXSourcesBuildPhase section */

/* Begin PBXVariantGroup section */
		23CA608521B0FB9700EA7E5B /* Main.storyboard */ = {
			isa = PBXVariantGroup;
			children = (
				23CA608621B0FB9700EA7E5B /* Base */,
			);
			name = Main.storyboard;
			sourceTree = "<group>";
		};
		23CA608A21B0FB9900EA7E5B /* LaunchScreen.storyboard */ = {
			isa = PBXVariantGroup;
			children = (
				23CA608B21B0FB9900EA7E5B /* Base */,
			);
			name = LaunchScreen.storyboard;
			sourceTree = "<group>";
		};
/* End PBXVariantGroup section */

/* Begin XCBuildConfiguration section */
		23CA608E21B0FB9900EA7E5B /* Debug */ = {
			isa = XCBuildConfiguration;
			buildSettings = {
				ALWAYS_SEARCH_USER_PATHS = NO;
				CLANG_ANALYZER_NONNULL = YES;
				CLANG_ANALYZER_NUMBER_OBJECT_CONVERSION = YES_AGGRESSIVE;
				CLANG_CXX_LANGUAGE_STANDARD = "gnu++14";
				CLANG_CXX_LIBRARY = "libc++";
				CLANG_ENABLE_MODULES = YES;
				CLANG_ENABLE_OBJC_ARC = YES;
				CLANG_ENABLE_OBJC_WEAK = YES;
				CLANG_WARN_BLOCK_CAPTURE_AUTORELEASING = YES;
				CLANG_WARN_BOOL_CONVERSION = YES;
				CLANG_WARN_COMMA = YES;
				CLANG_WARN_CONSTANT_CONVERSION = YES;
				CLANG_WARN_DEPRECATED_OBJC_IMPLEMENTATIONS = YES;
				CLANG_WARN_DIRECT_OBJC_ISA_USAGE = YES_ERROR;
				CLANG_WARN_DOCUMENTATION_COMMENTS = YES;
				CLANG_WARN_EMPTY_BODY = YES;
				CLANG_WARN_ENUM_CONVERSION = YES;
				CLANG_WARN_INFINITE_RECURSION = YES;
				CLANG_WARN_INT_CONVERSION = YES;
				CLANG_WARN_NON_LITERAL_NULL_CONVERSION = YES;
				CLANG_WARN_OBJC_IMPLICIT_RETAIN_SELF = YES;
				CLANG_WARN_OBJC_LITERAL_CONVERSION = YES;
				CLANG_WARN_OBJC_ROOT_CLASS = YES_ERROR;
				CLANG_WARN_RANGE_LOOP_ANALYSIS = YES;
				CLANG_WARN_STRICT_PROTOTYPES = YES;
				CLANG_WARN_SUSPICIOUS_MOVE = YES;
				CLANG_WARN_UNGUARDED_AVAILABILITY = YES_AGGRESSIVE;
				CLANG_WARN_UNREACHABLE_CODE = YES;
				CLANG_WARN__DUPLICATE_METHOD_MATCH = YES;
				CODE_SIGN_IDENTITY = "iPhone Developer";
				COPY_PHASE_STRIP = NO;
				DEBUG_INFORMATION_FORMAT = dwarf;
				ENABLE_STRICT_OBJC_MSGSEND = YES;
				ENABLE_TESTABILITY = YES;
				GCC_C_LANGUAGE_STANDARD = gnu11;
				GCC_DYNAMIC_NO_PIC = NO;
				GCC_NO_COMMON_BLOCKS = YES;
				GCC_OPTIMIZATION_LEVEL = 0;
				GCC_PREPROCESSOR_DEFINITIONS = (
					"DEBUG=1",
					"$(inherited)",
				);
				GCC_WARN_64_TO_32_BIT_CONVERSION = YES;
				GCC_WARN_ABOUT_RETURN_TYPE = YES_ERROR;
				GCC_WARN_UNDECLARED_SELECTOR = YES;
				GCC_WARN_UNINITIALIZED_AUTOS = YES_AGGRESSIVE;
				GCC_WARN_UNUSED_FUNCTION = YES;
				GCC_WARN_UNUSED_VARIABLE = YES;
				IPHONEOS_DEPLOYMENT_TARGET = 12.1;
				MTL_ENABLE_DEBUG_INFO = INCLUDE_SOURCE;
				MTL_FAST_MATH = YES;
				ONLY_ACTIVE_ARCH = YES;
				SDKROOT = iphoneos;
				SWIFT_ACTIVE_COMPILATION_CONDITIONS = DEBUG;
				SWIFT_OPTIMIZATION_LEVEL = "-Onone";
			};
			name = Debug;
		};
		23CA608F21B0FB9900EA7E5B /* Release */ = {
			isa = XCBuildConfiguration;
			buildSettings = {
				ALWAYS_SEARCH_USER_PATHS = NO;
				CLANG_ANALYZER_NONNULL = YES;
				CLANG_ANALYZER_NUMBER_OBJECT_CONVERSION = YES_AGGRESSIVE;
				CLANG_CXX_LANGUAGE_STANDARD = "gnu++14";
				CLANG_CXX_LIBRARY = "libc++";
				CLANG_ENABLE_MODULES = YES;
				CLANG_ENABLE_OBJC_ARC = YES;
				CLANG_ENABLE_OBJC_WEAK = YES;
				CLANG_WARN_BLOCK_CAPTURE_AUTORELEASING = YES;
				CLANG_WARN_BOOL_CONVERSION = YES;
				CLANG_WARN_COMMA = YES;
				CLANG_WARN_CONSTANT_CONVERSION = YES;
				CLANG_WARN_DEPRECATED_OBJC_IMPLEMENTATIONS = YES;
				CLANG_WARN_DIRECT_OBJC_ISA_USAGE = YES_ERROR;
				CLANG_WARN_DOCUMENTATION_COMMENTS = YES;
				CLANG_WARN_EMPTY_BODY = YES;
				CLANG_WARN_ENUM_CONVERSION = YES;
				CLANG_WARN_INFINITE_RECURSION = YES;
				CLANG_WARN_INT_CONVERSION = YES;
				CLANG_WARN_NON_LITERAL_NULL_CONVERSION = YES;
				CLANG_WARN_OBJC_IMPLICIT_RETAIN_SELF = YES;
				CLANG_WARN_OBJC_LITERAL_CONVERSION = YES;
				CLANG_WARN_OBJC_ROOT_CLASS = YES_ERROR;
				CLANG_WARN_RANGE_LOOP_ANALYSIS = YES;
				CLANG_WARN_STRICT_PROTOTYPES = YES;
				CLANG_WARN_SUSPICIOUS_MOVE = YES;
				CLANG_WARN_UNGUARDED_AVAILABILITY = YES_AGGRESSIVE;
				CLANG_WARN_UNREACHABLE_CODE = YES;
				CLANG_WARN__DUPLICATE_METHOD_MATCH = YES;
				CODE_SIGN_IDENTITY = "iPhone Developer";
				COPY_PHASE_STRIP = NO;
				DEBUG_INFORMATION_FORMAT = "dwarf-with-dsym";
				ENABLE_NS_ASSERTIONS = NO;
				ENABLE_STRICT_OBJC_MSGSEND = YES;
				GCC_C_LANGUAGE_STANDARD = gnu11;
				GCC_NO_COMMON_BLOCKS = YES;
				GCC_WARN_64_TO_32_BIT_CONVERSION = YES;
				GCC_WARN_ABOUT_RETURN_TYPE = YES_ERROR;
				GCC_WARN_UNDECLARED_SELECTOR = YES;
				GCC_WARN_UNINITIALIZED_AUTOS = YES_AGGRESSIVE;
				GCC_WARN_UNUSED_FUNCTION = YES;
				GCC_WARN_UNUSED_VARIABLE = YES;
				IPHONEOS_DEPLOYMENT_TARGET = 12.1;
				MTL_ENABLE_DEBUG_INFO = NO;
				MTL_FAST_MATH = YES;
				SDKROOT = iphoneos;
				SWIFT_COMPILATION_MODE = wholemodule;
				SWIFT_OPTIMIZATION_LEVEL = "-O";
				VALIDATE_PRODUCT = YES;
			};
			name = Release;
		};
		23CA609121B0FB9900EA7E5B /* Debug */ = {
			isa = XCBuildConfiguration;
			buildSettings = {
				ASSETCATALOG_COMPILER_APPICON_NAME = AppIcon;
				CODE_SIGN_STYLE = Automatic;
				DEVELOPMENT_TEAM = 6PVB2H36WN;
				INFOPLIST_FILE = Calendar/Info.plist;
				LD_RUNPATH_SEARCH_PATHS = (
					"$(inherited)",
					"@executable_path/Frameworks",
				);
				PRODUCT_BUNDLE_IDENTIFIER = com.gump.Calendar;
				PRODUCT_NAME = "$(TARGET_NAME)";
				SWIFT_VERSION = 4.2;
				TARGETED_DEVICE_FAMILY = "1,2";
			};
			name = Debug;
		};
		23CA609221B0FB9900EA7E5B /* Release */ = {
			isa = XCBuildConfiguration;
			buildSettings = {
				ASSETCATALOG_COMPILER_APPICON_NAME = AppIcon;
				CODE_SIGN_STYLE = Automatic;
				DEVELOPMENT_TEAM = 6PVB2H36WN;
				INFOPLIST_FILE = Calendar/Info.plist;
				LD_RUNPATH_SEARCH_PATHS = (
					"$(inherited)",
					"@executable_path/Frameworks",
				);
				PRODUCT_BUNDLE_IDENTIFIER = com.gump.Calendar;
				PRODUCT_NAME = "$(TARGET_NAME)";
				SWIFT_VERSION = 4.2;
				TARGETED_DEVICE_FAMILY = "1,2";
			};
			name = Release;
		};
/* End XCBuildConfiguration section */

/* Begin XCConfigurationList section */
		23CA607921B0FB9700EA7E5B /* Build configuration list for PBXProject "Calendar" */ = {
			isa = XCConfigurationList;
			buildConfigurations = (
				23CA608E21B0FB9900EA7E5B /* Debug */,
				23CA608F21B0FB9900EA7E5B /* Release */,
			);
			defaultConfigurationIsVisible = 0;
			defaultConfigurationName = Release;
		};
		23CA609021B0FB9900EA7E5B /* Build configuration list for PBXNativeTarget "Calendar" */ = {
			isa = XCConfigurationList;
			buildConfigurations = (
				23CA609121B0FB9900EA7E5B /* Debug */,
				23CA609221B0FB9900EA7E5B /* Release */,
			);
			defaultConfigurationIsVisible = 0;
			defaultConfigurationName = Release;
		};
/* End XCConfigurationList section */
	};
	rootObject = 23CA607621B0FB9700EA7E5B /* Project object */;
}
