// !$*UTF8*$!
{
	archiveVersion = 1;
	classes = {
	};
	objectVersion = 46;
	objects = {

/* Begin PBXBuildFile section */
		336C2B7A1DDAB44E0084F7AD /* AppDelegate.swift in Sources */ = {isa = PBXBuildFile; fileRef = 336C2B791DDAB44E0084F7AD /* AppDelegate.swift */; };
		336C2B7C1DDAB44E0084F7AD /* ViewController.swift in Sources */ = {isa = PBXBuildFile; fileRef = 336C2B7B1DDAB44E0084F7AD /* ViewController.swift */; };
		336C2B7F1DDAB44E0084F7AD /* Main.storyboard in Resources */ = {isa = PBXBuildFile; fileRef = 336C2B7D1DDAB44E0084F7AD /* Main.storyboard */; };
		336C2B811DDAB44E0084F7AD /* Assets.xcassets in Resources */ = {isa = PBXBuildFile; fileRef = 336C2B801DDAB44E0084F7AD /* Assets.xcassets */; };
		336C2B841DDAB44E0084F7AD /* LaunchScreen.storyboard in Resources */ = {isa = PBXBuildFile; fileRef = 336C2B821DDAB44E0084F7AD /* LaunchScreen.storyboard */; };
		336C2B8D1DDAB4C60084F7AD /* CalendarView.swift in Sources */ = {isa = PBXBuildFile; fileRef = 336C2B8C1DDAB4C60084F7AD /* CalendarView.swift */; };
/* End PBXBuildFile section */

/* Begin PBXFileReference section */
		336C2B761DDAB44E0084F7AD /* Calendar.app */ = {isa = PBXFileReference; explicitFileType = wrapper.application; includeInIndex = 0; path = Calendar.app; sourceTree = BUILT_PRODUCTS_DIR; };
		336C2B791DDAB44E0084F7AD /* AppDelegate.swift */ = {isa = PBXFileReference; lastKnownFileType = sourcecode.swift; path = AppDelegate.swift; sourceTree = "<group>"; };
		336C2B7B1DDAB44E0084F7AD /* ViewController.swift */ = {isa = PBXFileReference; lastKnownFileType = sourcecode.swift; path = ViewController.swift; sourceTree = "<group>"; };
		336C2B7E1DDAB44E0084F7AD /* Base */ = {isa = PBXFileReference; lastKnownFileType = file.storyboard; name = Base; path = Base.lproj/Main.storyboard; sourceTree = "<group>"; };
		336C2B801DDAB44E0084F7AD /* Assets.xcassets */ = {isa = PBXFileReference; lastKnownFileType = folder.assetcatalog; path = Assets.xcassets; sourceTree = "<group>"; };
		336C2B831DDAB44E0084F7AD /* Base */ = {isa = PBXFileReference; lastKnownFileType = file.storyboard; name = Base; path = Base.lproj/LaunchScreen.storyboard; sourceTree = "<group>"; };
		336C2B851DDAB44E0084F7AD /* Info.plist */ = {isa = PBXFileReference; lastKnownFileType = text.plist.xml; path = Info.plist; sourceTree = "<group>"; };
		336C2B8C1DDAB4C60084F7AD /* CalendarView.swift */ = {isa = PBXFileReference; fileEncoding = 4; lastKnownFileType = sourcecode.swift; path = CalendarView.swift; sourceTree = "<group>"; };
/* End PBXFileReference section */

/* Begin PBXFrameworksBuildPhase section */
		336C2B731DDAB44E0084F7AD /* Frameworks */ = {
			isa = PBXFrameworksBuildPhase;
			buildActionMask = 2147483647;
			files = (
			);
			runOnlyForDeploymentPostprocessing = 0;
		};
/* End PBXFrameworksBuildPhase section */

/* Begin PBXGroup section */
		336C2B6D1DDAB44E0084F7AD = {
			isa = PBXGroup;
			children = (
				336C2B781DDAB44E0084F7AD /* Calendar */,
				336C2B771DDAB44E0084F7AD /* Products */,
			);
			sourceTree = "<group>";
		};
		336C2B771DDAB44E0084F7AD /* Products */ = {
			isa = PBXGroup;
			children = (
				336C2B761DDAB44E0084F7AD /* Calendar.app */,
			);
			name = Products;
			sourceTree = "<group>";
		};
		336C2B781DDAB44E0084F7AD /* Calendar */ = {
			isa = PBXGroup;
			children = (
				336C2B8B1DDAB4B70084F7AD /* Calendar */,
				336C2B791DDAB44E0084F7AD /* AppDelegate.swift */,
				336C2B7B1DDAB44E0084F7AD /* ViewController.swift */,
				336C2B7D1DDAB44E0084F7AD /* Main.storyboard */,
				336C2B801DDAB44E0084F7AD /* Assets.xcassets */,
				336C2B821DDAB44E0084F7AD /* LaunchScreen.storyboard */,
				336C2B851DDAB44E0084F7AD /* Info.plist */,
			);
			path = Calendar;
			sourceTree = "<group>";
		};
		336C2B8B1DDAB4B70084F7AD /* Calendar */ = {
			isa = PBXGroup;
			children = (
				336C2B8C1DDAB4C60084F7AD /* CalendarView.swift */,
			);
			path = Calendar;
			sourceTree = "<group>";
		};
/* End PBXGroup section */

/* Begin PBXNativeTarget section */
		336C2B751DDAB44E0084F7AD /* Calendar */ = {
			isa = PBXNativeTarget;
			buildConfigurationList = 336C2B881DDAB44E0084F7AD /* Build configuration list for PBXNativeTarget "Calendar" */;
			buildPhases = (
				336C2B721DDAB44E0084F7AD /* Sources */,
				336C2B731DDAB44E0084F7AD /* Frameworks */,
				336C2B741DDAB44E0084F7AD /* Resources */,
			);
			buildRules = (
			);
			dependencies = (
			);
			name = Calendar;
			productName = Calendar;
			productReference = 336C2B761DDAB44E0084F7AD /* Calendar.app */;
			productType = "com.apple.product-type.application";
		};
/* End PBXNativeTarget section */

/* Begin PBXProject section */
		336C2B6E1DDAB44E0084F7AD /* Project object */ = {
			isa = PBXProject;
			attributes = {
				LastSwiftUpdateCheck = 0810;
				LastUpgradeCheck = 0810;
				ORGANIZATIONNAME = GUM;
				TargetAttributes = {
					336C2B751DDAB44E0084F7AD = {
						CreatedOnToolsVersion = 8.1;
						DevelopmentTeam = GB7H6UHA26;
						ProvisioningStyle = Automatic;
					};
				};
			};
			buildConfigurationList = 336C2B711DDAB44E0084F7AD /* Build configuration list for PBXProject "Calendar" */;
			compatibilityVersion = "Xcode 3.2";
			developmentRegion = English;
			hasScannedForEncodings = 0;
			knownRegions = (
				en,
				Base,
			);
			mainGroup = 336C2B6D1DDAB44E0084F7AD;
			productRefGroup = 336C2B771DDAB44E0084F7AD /* Products */;
			projectDirPath = "";
			projectRoot = "";
			targets = (
				336C2B751DDAB44E0084F7AD /* Calendar */,
			);
		};
/* End PBXProject section */

/* Begin PBXResourcesBuildPhase section */
		336C2B741DDAB44E0084F7AD /* Resources */ = {
			isa = PBXResourcesBuildPhase;
			buildActionMask = 2147483647;
			files = (
				336C2B841DDAB44E0084F7AD /* LaunchScreen.storyboard in Resources */,
				336C2B811DDAB44E0084F7AD /* Assets.xcassets in Resources */,
				336C2B7F1DDAB44E0084F7AD /* Main.storyboard in Resources */,
			);
			runOnlyForDeploymentPostprocessing = 0;
		};
/* End PBXResourcesBuildPhase section */

/* Begin PBXSourcesBuildPhase section */
		336C2B721DDAB44E0084F7AD /* Sources */ = {
			isa = PBXSourcesBuildPhase;
			buildActionMask = 2147483647;
			files = (
				336C2B7C1DDAB44E0084F7AD /* ViewController.swift in Sources */,
				336C2B7A1DDAB44E0084F7AD /* AppDelegate.swift in Sources */,
				336C2B8D1DDAB4C60084F7AD /* CalendarView.swift in Sources */,
			);
			runOnlyForDeploymentPostprocessing = 0;
		};
/* End PBXSourcesBuildPhase section */

/* Begin PBXVariantGroup section */
		336C2B7D1DDAB44E0084F7AD /* Main.storyboard */ = {
			isa = PBXVariantGroup;
			children = (
				336C2B7E1DDAB44E0084F7AD /* Base */,
			);
			name = Main.storyboard;
			sourceTree = "<group>";
		};
		336C2B821DDAB44E0084F7AD /* LaunchScreen.storyboard */ = {
			isa = PBXVariantGroup;
			children = (
				336C2B831DDAB44E0084F7AD /* Base */,
			);
			name = LaunchScreen.storyboard;
			sourceTree = "<group>";
		};
/* End PBXVariantGroup section */

/* Begin XCBuildConfiguration section */
		336C2B861DDAB44E0084F7AD /* Debug */ = {
			isa = XCBuildConfiguration;
			buildSettings = {
				ALWAYS_SEARCH_USER_PATHS = NO;
				CLANG_ANALYZER_NONNULL = YES;
				CLANG_CXX_LANGUAGE_STANDARD = "gnu++0x";
				CLANG_CXX_LIBRARY = "libc++";
				CLANG_ENABLE_MODULES = YES;
				CLANG_ENABLE_OBJC_ARC = YES;
				CLANG_WARN_BOOL_CONVERSION = YES;
				CLANG_WARN_CONSTANT_CONVERSION = YES;
				CLANG_WARN_DIRECT_OBJC_ISA_USAGE = YES_ERROR;
				CLANG_WARN_DOCUMENTATION_COMMENTS = YES;
				CLANG_WARN_EMPTY_BODY = YES;
				CLANG_WARN_ENUM_CONVERSION = YES;
				CLANG_WARN_INFINITE_RECURSION = YES;
				CLANG_WARN_INT_CONVERSION = YES;
				CLANG_WARN_OBJC_ROOT_CLASS = YES_ERROR;
				CLANG_WARN_SUSPICIOUS_MOVES = YES;
				CLANG_WARN_UNREACHABLE_CODE = YES;
				CLANG_WARN__DUPLICATE_METHOD_MATCH = YES;
				"CODE_SIGN_IDENTITY[sdk=iphoneos*]" = "iPhone Developer";
				COPY_PHASE_STRIP = NO;
				DEBUG_INFORMATION_FORMAT = dwarf;
				ENABLE_STRICT_OBJC_MSGSEND = YES;
				ENABLE_TESTABILITY = YES;
				GCC_C_LANGUAGE_STANDARD = gnu99;
				GCC_DYNAMIC_NO_PIC = NO;
				GCC_NO_COMMON_BLOCKS = YES;
				GCC_OPTIMIZATION_LEVEL = 0;
				GCC_PREPROCESSOR_DEFINITIONS = (
					"DEBUG=1",
					"$(inherited)",
				);
				GCC_WARN_64_TO_32_BIT_CONVERSION = YES;
				GCC_WARN_ABOUT_RETURN_TYPE = YES_ERROR;
				GCC_WARN_UNDECLARED_SELECTOR = YES;
				GCC_WARN_UNINITIALIZED_AUTOS = YES_AGGRESSIVE;
				GCC_WARN_UNUSED_FUNCTION = YES;
				GCC_WARN_UNUSED_VARIABLE = YES;
				IPHONEOS_DEPLOYMENT_TARGET = 10.1;
				MTL_ENABLE_DEBUG_INFO = YES;
				ONLY_ACTIVE_ARCH = YES;
				SDKROOT = iphoneos;
				SWIFT_ACTIVE_COMPILATION_CONDITIONS = DEBUG;
				SWIFT_OPTIMIZATION_LEVEL = "-Onone";
			};
			name = Debug;
		};
		336C2B871DDAB44E0084F7AD /* Release */ = {
			isa = XCBuildConfiguration;
			buildSettings = {
				ALWAYS_SEARCH_USER_PATHS = NO;
				CLANG_ANALYZER_NONNULL = YES;
				CLANG_CXX_LANGUAGE_STANDARD = "gnu++0x";
				CLANG_CXX_LIBRARY = "libc++";
				CLANG_ENABLE_MODULES = YES;
				CLANG_ENABLE_OBJC_ARC = YES;
				CLANG_WARN_BOOL_CONVERSION = YES;
				CLANG_WARN_CONSTANT_CONVERSION = YES;
				CLANG_WARN_DIRECT_OBJC_ISA_USAGE = YES_ERROR;
				CLANG_WARN_DOCUMENTATION_COMMENTS = YES;
				CLANG_WARN_EMPTY_BODY = YES;
				CLANG_WARN_ENUM_CONVERSION = YES;
				CLANG_WARN_INFINITE_RECURSION = YES;
				CLANG_WARN_INT_CONVERSION = YES;
				CLANG_WARN_OBJC_ROOT_CLASS = YES_ERROR;
				CLANG_WARN_SUSPICIOUS_MOVES = YES;
				CLANG_WARN_UNREACHABLE_CODE = YES;
				CLANG_WARN__DUPLICATE_METHOD_MATCH = YES;
				"CODE_SIGN_IDENTITY[sdk=iphoneos*]" = "iPhone Developer";
				COPY_PHASE_STRIP = NO;
				DEBUG_INFORMATION_FORMAT = "dwarf-with-dsym";
				ENABLE_NS_ASSERTIONS = NO;
				ENABLE_STRICT_OBJC_MSGSEND = YES;
				GCC_C_LANGUAGE_STANDARD = gnu99;
				GCC_NO_COMMON_BLOCKS = YES;
				GCC_WARN_64_TO_32_BIT_CONVERSION = YES;
				GCC_WARN_ABOUT_RETURN_TYPE = YES_ERROR;
				GCC_WARN_UNDECLARED_SELECTOR = YES;
				GCC_WARN_UNINITIALIZED_AUTOS = YES_AGGRESSIVE;
				GCC_WARN_UNUSED_FUNCTION = YES;
				GCC_WARN_UNUSED_VARIABLE = YES;
				IPHONEOS_DEPLOYMENT_TARGET = 10.1;
				MTL_ENABLE_DEBUG_INFO = NO;
				SDKROOT = iphoneos;
				SWIFT_OPTIMIZATION_LEVEL = "-Owholemodule";
				VALIDATE_PRODUCT = YES;
			};
			name = Release;
		};
		336C2B891DDAB44E0084F7AD /* Debug */ = {
			isa = XCBuildConfiguration;
			buildSettings = {
				ASSETCATALOG_COMPILER_APPICON_NAME = AppIcon;
				DEVELOPMENT_TEAM = GB7H6UHA26;
				INFOPLIST_FILE = Calendar/Info.plist;
				LD_RUNPATH_SEARCH_PATHS = "$(inherited) @executable_path/Frameworks";
				PRODUCT_BUNDLE_IDENTIFIER = com.gump.Calendar;
				PRODUCT_NAME = "$(TARGET_NAME)";
				SWIFT_VERSION = 3.0;
			};
			name = Debug;
		};
		336C2B8A1DDAB44E0084F7AD /* Release */ = {
			isa = XCBuildConfiguration;
			buildSettings = {
				ASSETCATALOG_COMPILER_APPICON_NAME = AppIcon;
				DEVELOPMENT_TEAM = GB7H6UHA26;
				INFOPLIST_FILE = Calendar/Info.plist;
				LD_RUNPATH_SEARCH_PATHS = "$(inherited) @executable_path/Frameworks";
				PRODUCT_BUNDLE_IDENTIFIER = com.gump.Calendar;
				PRODUCT_NAME = "$(TARGET_NAME)";
				SWIFT_VERSION = 3.0;
			};
			name = Release;
		};
/* End XCBuildConfiguration section */

/* Begin XCConfigurationList section */
		336C2B711DDAB44E0084F7AD /* Build configuration list for PBXProject "Calendar" */ = {
			isa = XCConfigurationList;
			buildConfigurations = (
				336C2B861DDAB44E0084F7AD /* Debug */,
				336C2B871DDAB44E0084F7AD /* Release */,
			);
			defaultConfigurationIsVisible = 0;
			defaultConfigurationName = Release;
		};
		336C2B881DDAB44E0084F7AD /* Build configuration list for PBXNativeTarget "Calendar" */ = {
			isa = XCConfigurationList;
			buildConfigurations = (
				336C2B891DDAB44E0084F7AD /* Debug */,
				336C2B8A1DDAB44E0084F7AD /* Release */,
			);
			defaultConfigurationIsVisible = 0;
		};
/* End XCConfigurationList section */
	};
	rootObject = 336C2B6E1DDAB44E0084F7AD /* Project object */;
}
